
Microsoft Visual Studio Solution File, Format Version 12.00
# Visual Studio Version 16
VisualStudioVersion = 16.0.30907.101
MinimumVisualStudioVersion = 10.0.40219.1
Project("{FAE04EC0-301F-11D3-BF4B-00C04F79EFBC}") = "SchoolAPP", "SchoolAPP\SchoolAPP.csproj", "{C144DC1E-593B-4E32-88EF-D5C59E93F5C8}"
EndProject
Global
	GlobalSection(SolutionConfigurationPlatforms) = preSolution
		Debug|Any CPU = Debug|Any CPU
		Release|Any CPU = Release|Any CPU
	EndGlobalSection
	GlobalSection(ProjectConfigurationPlatforms) = postSolution
		{C144DC1E-593B-4E32-88EF-D5C59E93F5C8}.Debug|Any CPU.ActiveCfg = Debug|Any CPU
		{C144DC1E-593B-4E32-88EF-D5C59E93F5C8}.Debug|Any CPU.Build.0 = Debug|Any CPU
		{C144DC1E-593B-4E32-88EF-D5C59E93F5C8}.Release|Any CPU.ActiveCfg = Release|Any CPU
		{C144DC1E-593B-4E32-88EF-D5C59E93F5C8}.Release|Any CPU.Build.0 = Release|Any CPU
	EndGlobalSection
	GlobalSection(SolutionProperties) = preSolution
		HideSolutionNode = FALSE
	EndGlobalSection
	GlobalSection(ExtensibilityGlobals) = postSolution
		SolutionGuid = {044A85FA-BC0A-4A5D-9909-C8A1BE736FA0}
	EndGlobalSection
EndGlobal
